
Microsoft Visual Studio Solution File, Format Version 12.00
# Visual Studio Version 16
VisualStudioVersion = 16.0.30413.136
MinimumVisualStudioVersion = 10.0.40219.1
Project("{9A19103F-16F7-4668-BE54-9A1E7A4F7556}") = "LibraryApp.Application", "LibraryApp.Application\LibraryApp.Application.csproj", "{ADA1F23D-047D-4F28-BBDE-C5E2E6481625}"
EndProject
Project("{9A19103F-16F7-4668-BE54-9A1E7A4F7556}") = "LibraryApp.Tests", "LibraryApp.Tests\LibraryApp.Tests.csproj", "{5779983D-6AF0-4196-8CD2-E4D13A1FBEB9}"
	ProjectSection(ProjectDependencies) = postProject
		{ADA1F23D-047D-4F28-BBDE-C5E2E6481625} = {ADA1F23D-047D-4F28-BBDE-C5E2E6481625}
	EndProjectSection
EndProject
Global
	GlobalSection(SolutionConfigurationPlatforms) = preSolution
		Debug|Any CPU = Debug|Any CPU
		Release|Any CPU = Release|Any CPU
	EndGlobalSection
	GlobalSection(ProjectConfigurationPlatforms) = postSolution
		{ADA1F23D-047D-4F28-BBDE-C5E2E6481625}.Debug|Any CPU.ActiveCfg = Debug|Any CPU
		{ADA1F23D-047D-4F28-BBDE-C5E2E6481625}.Debug|Any CPU.Build.0 = Debug|Any CPU
		{ADA1F23D-047D-4F28-BBDE-C5E2E6481625}.Release|Any CPU.ActiveCfg = Release|Any CPU
		{ADA1F23D-047D-4F28-BBDE-C5E2E6481625}.Release|Any CPU.Build.0 = Release|Any CPU
		{5779983D-6AF0-4196-8CD2-E4D13A1FBEB9}.Debug|Any CPU.ActiveCfg = Debug|Any CPU
		{5779983D-6AF0-4196-8CD2-E4D13A1FBEB9}.Debug|Any CPU.Build.0 = Debug|Any CPU
		{5779983D-6AF0-4196-8CD2-E4D13A1FBEB9}.Release|Any CPU.ActiveCfg = Release|Any CPU
		{5779983D-6AF0-4196-8CD2-E4D13A1FBEB9}.Release|Any CPU.Build.0 = Release|Any CPU
	EndGlobalSection
	GlobalSection(SolutionProperties) = preSolution
		HideSolutionNode = FALSE
	EndGlobalSection
	GlobalSection(ExtensibilityGlobals) = postSolution
		SolutionGuid = {D5E6B81C-0D05-4BFD-BA17-0630EC7FD75B}
	EndGlobalSection
EndGlobal
